// !$*UTF8*$!
{
	archiveVersion = 1;
	classes = {
	};
	objectVersion = 56;
	objects = {

/* Begin PBXBuildFile section */
		2295BF2AA07866BA8BB06865 /* libPods-TFYThemeCompany.a in Frameworks */ = {isa = PBXBuildFile; fileRef = 92287ED58AE0F5C9761A72CE /* libPods-TFYThemeCompany.a */; };
		36E638F22B70802400BED3A5 /* TFYThemeCompanyTests.m in Sources */ = {isa = PBXBuildFile; fileRef = 36E638F12B70802400BED3A5 /* TFYThemeCompanyTests.m */; };
		36E638FC2B70802400BED3A5 /* TFYThemeCompanyUITests.m in Sources */ = {isa = PBXBuildFile; fileRef = 36E638FB2B70802400BED3A5 /* TFYThemeCompanyUITests.m */; };
		36E638FE2B70802400BED3A5 /* TFYThemeCompanyUITestsLaunchTests.m in Sources */ = {isa = PBXBuildFile; fileRef = 36E638FD2B70802400BED3A5 /* TFYThemeCompanyUITestsLaunchTests.m */; };
		36E639302B708B6D00BED3A5 /* unzip.c in Sources */ = {isa = PBXBuildFile; fileRef = 36E639272B708B6D00BED3A5 /* unzip.c */; };
		36E639312B708B6D00BED3A5 /* zip.c in Sources */ = {isa = PBXBuildFile; fileRef = 36E639282B708B6D00BED3A5 /* zip.c */; };
		36E639322B708B6D00BED3A5 /* ioapi.c in Sources */ = {isa = PBXBuildFile; fileRef = 36E639292B708B6D00BED3A5 /* ioapi.c */; };
		36E639332B708B6D00BED3A5 /* mztools.c in Sources */ = {isa = PBXBuildFile; fileRef = 36E6392A2B708B6D00BED3A5 /* mztools.c */; };
		36E639362B708BA100BED3A5 /* TFYZipArchive.m in Sources */ = {isa = PBXBuildFile; fileRef = 36E639352B708BA100BED3A5 /* TFYZipArchive.m */; };
		36E639392B708D0400BED3A5 /* TFYZipLoader.m in Sources */ = {isa = PBXBuildFile; fileRef = 36E639382B708D0400BED3A5 /* TFYZipLoader.m */; };
		36E6393C2B7092AF00BED3A5 /* TFYTheme.m in Sources */ = {isa = PBXBuildFile; fileRef = 36E6393B2B7092AF00BED3A5 /* TFYTheme.m */; };
		36E6393F2B7092E600BED3A5 /* TFYThemeCategory.m in Sources */ = {isa = PBXBuildFile; fileRef = 36E6393E2B7092E600BED3A5 /* TFYThemeCategory.m */; };
		36E639422B70932700BED3A5 /* TFYThemePicker.m in Sources */ = {isa = PBXBuildFile; fileRef = 36E639412B70932700BED3A5 /* TFYThemePicker.m */; };
		36E639542B70A3A600BED3A5 /* SceneDelegate.m in Sources */ = {isa = PBXBuildFile; fileRef = 36E639482B70A3A600BED3A5 /* SceneDelegate.m */; };
		36E639552B70A3A600BED3A5 /* AppDelegate.m in Sources */ = {isa = PBXBuildFile; fileRef = 36E639492B70A3A600BED3A5 /* AppDelegate.m */; };
		36E639562B70A3A600BED3A5 /* Assets.xcassets in Resources */ = {isa = PBXBuildFile; fileRef = 36E6394D2B70A3A600BED3A5 /* Assets.xcassets */; };
		36E639572B70A3A600BED3A5 /* LaunchScreen.storyboard in Resources */ = {isa = PBXBuildFile; fileRef = 36E6394E2B70A3A600BED3A5 /* LaunchScreen.storyboard */; };
		36E639592B70A3A600BED3A5 /* main.m in Sources */ = {isa = PBXBuildFile; fileRef = 36E639522B70A3A600BED3A5 /* main.m */; };
		36E6395E2B70A45A00BED3A5 /* TFYTabBarController.m in Sources */ = {isa = PBXBuildFile; fileRef = 36E6395D2B70A45A00BED3A5 /* TFYTabBarController.m */; };
		36E639742B70B51000BED3A5 /* defaultTheme.json in Resources */ = {isa = PBXBuildFile; fileRef = 36E639712B70B51000BED3A5 /* defaultTheme.json */; };
		36E639752B70B51000BED3A5 /* skineTheme.json in Resources */ = {isa = PBXBuildFile; fileRef = 36E639722B70B51000BED3A5 /* skineTheme.json */; };
		36E639782B70B53400BED3A5 /* ThemeModel.m in Sources */ = {isa = PBXBuildFile; fileRef = 36E639762B70B53400BED3A5 /* ThemeModel.m */; };
		36E639832B70B71800BED3A5 /* TFYThemeThreeController.m in Sources */ = {isa = PBXBuildFile; fileRef = 36E6397D2B70B71800BED3A5 /* TFYThemeThreeController.m */; };
		36E639842B70B71800BED3A5 /* TFYThemeFourController.m in Sources */ = {isa = PBXBuildFile; fileRef = 36E6397E2B70B71800BED3A5 /* TFYThemeFourController.m */; };
		36E639852B70B71800BED3A5 /* TFYThemeTwoController.m in Sources */ = {isa = PBXBuildFile; fileRef = 36E6397F2B70B71800BED3A5 /* TFYThemeTwoController.m */; };
		36E639862B70B71800BED3A5 /* TFYThemeOneController.m in Sources */ = {isa = PBXBuildFile; fileRef = 36E639802B70B71800BED3A5 /* TFYThemeOneController.m */; };
		36E639892B70B87000BED3A5 /* TFYThemeOneCell.m in Sources */ = {isa = PBXBuildFile; fileRef = 36E639882B70B87000BED3A5 /* TFYThemeOneCell.m */; };
		36E6398E2B7105F500BED3A5 /* DIN-BoldItalicAlt.otf in Resources */ = {isa = PBXBuildFile; fileRef = 36E6398A2B7105F500BED3A5 /* DIN-BoldItalicAlt.otf */; };
		36E6398F2B7105F500BED3A5 /* DIN-BlackItalicAlt.otf in Resources */ = {isa = PBXBuildFile; fileRef = 36E6398B2B7105F500BED3A5 /* DIN-BlackItalicAlt.otf */; };
		36E639902B7105F500BED3A5 /* DIN-BoldItalicExp.otf in Resources */ = {isa = PBXBuildFile; fileRef = 36E6398C2B7105F500BED3A5 /* DIN-BoldItalicExp.otf */; };
		36E639912B7105F500BED3A5 /* DIN-BlackItalic.otf in Resources */ = {isa = PBXBuildFile; fileRef = 36E6398D2B7105F500BED3A5 /* DIN-BlackItalic.otf */; };
		36E639962B71E62600BED3A5 /* TFYThemeKit.bundle in Resources */ = {isa = PBXBuildFile; fileRef = 36E639952B71E62600BED3A5 /* TFYThemeKit.bundle */; };
		36E639A42B724E9D00BED3A5 /* TFYBaseThemeController.m in Sources */ = {isa = PBXBuildFile; fileRef = 36E639A32B724E9D00BED3A5 /* TFYBaseThemeController.m */; };
/* End PBXBuildFile section */

/* Begin PBXContainerItemProxy section */
		36E638EE2B70802400BED3A5 /* PBXContainerItemProxy */ = {
			isa = PBXContainerItemProxy;
			containerPortal = 36E638CA2B70802300BED3A5 /* Project object */;
			proxyType = 1;
			remoteGlobalIDString = 36E638D12B70802300BED3A5;
			remoteInfo = TFYThemeCompany;
		};
		36E638F82B70802400BED3A5 /* PBXContainerItemProxy */ = {
			isa = PBXContainerItemProxy;
			containerPortal = 36E638CA2B70802300BED3A5 /* Project object */;
			proxyType = 1;
			remoteGlobalIDString = 36E638D12B70802300BED3A5;
			remoteInfo = TFYThemeCompany;
		};
/* End PBXContainerItemProxy section */

/* Begin PBXFileReference section */
		36E638D22B70802300BED3A5 /* TFYThemeCompany.app */ = {isa = PBXFileReference; explicitFileType = wrapper.application; includeInIndex = 0; path = TFYThemeCompany.app; sourceTree = BUILT_PRODUCTS_DIR; };
		36E638ED2B70802400BED3A5 /* TFYThemeCompanyTests.xctest */ = {isa = PBXFileReference; explicitFileType = wrapper.cfbundle; includeInIndex = 0; path = TFYThemeCompanyTests.xctest; sourceTree = BUILT_PRODUCTS_DIR; };
		36E638F12B70802400BED3A5 /* TFYThemeCompanyTests.m */ = {isa = PBXFileReference; lastKnownFileType = sourcecode.c.objc; path = TFYThemeCompanyTests.m; sourceTree = "<group>"; };
		36E638F72B70802400BED3A5 /* TFYThemeCompanyUITests.xctest */ = {isa = PBXFileReference; explicitFileType = wrapper.cfbundle; includeInIndex = 0; path = TFYThemeCompanyUITests.xctest; sourceTree = BUILT_PRODUCTS_DIR; };
		36E638FB2B70802400BED3A5 /* TFYThemeCompanyUITests.m */ = {isa = PBXFileReference; lastKnownFileType = sourcecode.c.objc; path = TFYThemeCompanyUITests.m; sourceTree = "<group>"; };
		36E638FD2B70802400BED3A5 /* TFYThemeCompanyUITestsLaunchTests.m */ = {isa = PBXFileReference; lastKnownFileType = sourcecode.c.objc; path = TFYThemeCompanyUITestsLaunchTests.m; sourceTree = "<group>"; };
		36E639272B708B6D00BED3A5 /* unzip.c */ = {isa = PBXFileReference; fileEncoding = 4; lastKnownFileType = sourcecode.c.c; path = unzip.c; sourceTree = "<group>"; };
		36E639282B708B6D00BED3A5 /* zip.c */ = {isa = PBXFileReference; fileEncoding = 4; lastKnownFileType = sourcecode.c.c; path = zip.c; sourceTree = "<group>"; };
		36E639292B708B6D00BED3A5 /* ioapi.c */ = {isa = PBXFileReference; fileEncoding = 4; lastKnownFileType = sourcecode.c.c; path = ioapi.c; sourceTree = "<group>"; };
		36E6392A2B708B6D00BED3A5 /* mztools.c */ = {isa = PBXFileReference; fileEncoding = 4; lastKnownFileType = sourcecode.c.c; path = mztools.c; sourceTree = "<group>"; };
		36E6392B2B708B6D00BED3A5 /* crypt.h */ = {isa = PBXFileReference; fileEncoding = 4; lastKnownFileType = sourcecode.c.h; path = crypt.h; sourceTree = "<group>"; };
		36E6392C2B708B6D00BED3A5 /* zip.h */ = {isa = PBXFileReference; fileEncoding = 4; lastKnownFileType = sourcecode.c.h; path = zip.h; sourceTree = "<group>"; };
		36E6392D2B708B6D00BED3A5 /* unzip.h */ = {isa = PBXFileReference; fileEncoding = 4; lastKnownFileType = sourcecode.c.h; path = unzip.h; sourceTree = "<group>"; };
		36E6392E2B708B6D00BED3A5 /* mztools.h */ = {isa = PBXFileReference; fileEncoding = 4; lastKnownFileType = sourcecode.c.h; path = mztools.h; sourceTree = "<group>"; };
		36E6392F2B708B6D00BED3A5 /* ioapi.h */ = {isa = PBXFileReference; fileEncoding = 4; lastKnownFileType = sourcecode.c.h; path = ioapi.h; sourceTree = "<group>"; };
		36E639342B708BA100BED3A5 /* TFYZipArchive.h */ = {isa = PBXFileReference; lastKnownFileType = sourcecode.c.h; path = TFYZipArchive.h; sourceTree = "<group>"; };
		36E639352B708BA100BED3A5 /* TFYZipArchive.m */ = {isa = PBXFileReference; lastKnownFileType = sourcecode.c.objc; path = TFYZipArchive.m; sourceTree = "<group>"; };
		36E639372B708D0400BED3A5 /* TFYZipLoader.h */ = {isa = PBXFileReference; lastKnownFileType = sourcecode.c.h; path = TFYZipLoader.h; sourceTree = "<group>"; };
		36E639382B708D0400BED3A5 /* TFYZipLoader.m */ = {isa = PBXFileReference; lastKnownFileType = sourcecode.c.objc; path = TFYZipLoader.m; sourceTree = "<group>"; };
		36E6393A2B7092AF00BED3A5 /* TFYTheme.h */ = {isa = PBXFileReference; lastKnownFileType = sourcecode.c.h; path = TFYTheme.h; sourceTree = "<group>"; };
		36E6393B2B7092AF00BED3A5 /* TFYTheme.m */ = {isa = PBXFileReference; lastKnownFileType = sourcecode.c.objc; path = TFYTheme.m; sourceTree = "<group>"; };
		36E6393D2B7092E600BED3A5 /* TFYThemeCategory.h */ = {isa = PBXFileReference; lastKnownFileType = sourcecode.c.h; path = TFYThemeCategory.h; sourceTree = "<group>"; };
		36E6393E2B7092E600BED3A5 /* TFYThemeCategory.m */ = {isa = PBXFileReference; lastKnownFileType = sourcecode.c.objc; path = TFYThemeCategory.m; sourceTree = "<group>"; };
		36E639402B70932700BED3A5 /* TFYThemePicker.h */ = {isa = PBXFileReference; lastKnownFileType = sourcecode.c.h; path = TFYThemePicker.h; sourceTree = "<group>"; };
		36E639412B70932700BED3A5 /* TFYThemePicker.m */ = {isa = PBXFileReference; lastKnownFileType = sourcecode.c.objc; path = TFYThemePicker.m; sourceTree = "<group>"; };
		36E639432B709D0B00BED3A5 /* TFYThemeKit.h */ = {isa = PBXFileReference; lastKnownFileType = sourcecode.c.h; path = TFYThemeKit.h; sourceTree = "<group>"; };
		36E639472B70A3A600BED3A5 /* AppDelegate.h */ = {isa = PBXFileReference; fileEncoding = 4; lastKnownFileType = sourcecode.c.h; path = AppDelegate.h; sourceTree = "<group>"; };
		36E639482B70A3A600BED3A5 /* SceneDelegate.m */ = {isa = PBXFileReference; fileEncoding = 4; lastKnownFileType = sourcecode.c.objc; path = SceneDelegate.m; sourceTree = "<group>"; };
		36E639492B70A3A600BED3A5 /* AppDelegate.m */ = {isa = PBXFileReference; fileEncoding = 4; lastKnownFileType = sourcecode.c.objc; path = AppDelegate.m; sourceTree = "<group>"; };
		36E6394A2B70A3A600BED3A5 /* SceneDelegate.h */ = {isa = PBXFileReference; fileEncoding = 4; lastKnownFileType = sourcecode.c.h; path = SceneDelegate.h; sourceTree = "<group>"; };
		36E6394C2B70A3A600BED3A5 /* TFYPrefixHeader.pch */ = {isa = PBXFileReference; fileEncoding = 4; lastKnownFileType = sourcecode.c.h; path = TFYPrefixHeader.pch; sourceTree = "<group>"; };
		36E6394D2B70A3A600BED3A5 /* Assets.xcassets */ = {isa = PBXFileReference; lastKnownFileType = folder.assetcatalog; path = Assets.xcassets; sourceTree = "<group>"; };
		36E6394F2B70A3A600BED3A5 /* Base */ = {isa = PBXFileReference; lastKnownFileType = file.storyboard; name = Base; path = Base.lproj/LaunchScreen.storyboard; sourceTree = "<group>"; };
		36E639522B70A3A600BED3A5 /* main.m */ = {isa = PBXFileReference; fileEncoding = 4; lastKnownFileType = sourcecode.c.objc; path = main.m; sourceTree = "<group>"; };
		36E639532B70A3A600BED3A5 /* Info.plist */ = {isa = PBXFileReference; fileEncoding = 4; lastKnownFileType = text.plist.xml; path = Info.plist; sourceTree = "<group>"; };
		36E6395C2B70A45A00BED3A5 /* TFYTabBarController.h */ = {isa = PBXFileReference; fileEncoding = 4; lastKnownFileType = sourcecode.c.h; path = TFYTabBarController.h; sourceTree = "<group>"; };
		36E6395D2B70A45A00BED3A5 /* TFYTabBarController.m */ = {isa = PBXFileReference; fileEncoding = 4; lastKnownFileType = sourcecode.c.objc; path = TFYTabBarController.m; sourceTree = "<group>"; };
		36E639712B70B51000BED3A5 /* defaultTheme.json */ = {isa = PBXFileReference; fileEncoding = 4; lastKnownFileType = text.json; path = defaultTheme.json; sourceTree = "<group>"; };
		36E639722B70B51000BED3A5 /* skineTheme.json */ = {isa = PBXFileReference; fileEncoding = 4; lastKnownFileType = text.json; path = skineTheme.json; sourceTree = "<group>"; };
		36E639762B70B53400BED3A5 /* ThemeModel.m */ = {isa = PBXFileReference; fileEncoding = 4; lastKnownFileType = sourcecode.c.objc; path = ThemeModel.m; sourceTree = "<group>"; };
		36E639772B70B53400BED3A5 /* ThemeModel.h */ = {isa = PBXFileReference; fileEncoding = 4; lastKnownFileType = sourcecode.c.h; path = ThemeModel.h; sourceTree = "<group>"; };
		36E6397B2B70B71800BED3A5 /* TFYThemeTwoController.h */ = {isa = PBXFileReference; fileEncoding = 4; lastKnownFileType = sourcecode.c.h; path = TFYThemeTwoController.h; sourceTree = "<group>"; };
		36E6397C2B70B71800BED3A5 /* TFYThemeOneController.h */ = {isa = PBXFileReference; fileEncoding = 4; lastKnownFileType = sourcecode.c.h; path = TFYThemeOneController.h; sourceTree = "<group>"; };
		36E6397D2B70B71800BED3A5 /* TFYThemeThreeController.m */ = {isa = PBXFileReference; fileEncoding = 4; lastKnownFileType = sourcecode.c.objc; path = TFYThemeThreeController.m; sourceTree = "<group>"; };
		36E6397E2B70B71800BED3A5 /* TFYThemeFourController.m */ = {isa = PBXFileReference; fileEncoding = 4; lastKnownFileType = sourcecode.c.objc; path = TFYThemeFourController.m; sourceTree = "<group>"; };
		36E6397F2B70B71800BED3A5 /* TFYThemeTwoController.m */ = {isa = PBXFileReference; fileEncoding = 4; lastKnownFileType = sourcecode.c.objc; path = TFYThemeTwoController.m; sourceTree = "<group>"; };
		36E639802B70B71800BED3A5 /* TFYThemeOneController.m */ = {isa = PBXFileReference; fileEncoding = 4; lastKnownFileType = sourcecode.c.objc; path = TFYThemeOneController.m; sourceTree = "<group>"; };
		36E639812B70B71800BED3A5 /* TFYThemeFourController.h */ = {isa = PBXFileReference; fileEncoding = 4; lastKnownFileType = sourcecode.c.h; path = TFYThemeFourController.h; sourceTree = "<group>"; };
		36E639822B70B71800BED3A5 /* TFYThemeThreeController.h */ = {isa = PBXFileReference; fileEncoding = 4; lastKnownFileType = sourcecode.c.h; path = TFYThemeThreeController.h; sourceTree = "<group>"; };
		36E639872B70B87000BED3A5 /* TFYThemeOneCell.h */ = {isa = PBXFileReference; lastKnownFileType = sourcecode.c.h; path = TFYThemeOneCell.h; sourceTree = "<group>"; };
		36E639882B70B87000BED3A5 /* TFYThemeOneCell.m */ = {isa = PBXFileReference; lastKnownFileType = sourcecode.c.objc; path = TFYThemeOneCell.m; sourceTree = "<group>"; };
		36E6398A2B7105F500BED3A5 /* DIN-BoldItalicAlt.otf */ = {isa = PBXFileReference; lastKnownFileType = file; path = "DIN-BoldItalicAlt.otf"; sourceTree = "<group>"; };
		36E6398B2B7105F500BED3A5 /* DIN-BlackItalicAlt.otf */ = {isa = PBXFileReference; lastKnownFileType = file; path = "DIN-BlackItalicAlt.otf"; sourceTree = "<group>"; };
		36E6398C2B7105F500BED3A5 /* DIN-BoldItalicExp.otf */ = {isa = PBXFileReference; lastKnownFileType = file; path = "DIN-BoldItalicExp.otf"; sourceTree = "<group>"; };
		36E6398D2B7105F500BED3A5 /* DIN-BlackItalic.otf */ = {isa = PBXFileReference; lastKnownFileType = file; path = "DIN-BlackItalic.otf"; sourceTree = "<group>"; };
		36E639952B71E62600BED3A5 /* TFYThemeKit.bundle */ = {isa = PBXFileReference; lastKnownFileType = "wrapper.plug-in"; path = TFYThemeKit.bundle; sourceTree = "<group>"; };
		36E639A22B724E9D00BED3A5 /* TFYBaseThemeController.h */ = {isa = PBXFileReference; lastKnownFileType = sourcecode.c.h; path = TFYBaseThemeController.h; sourceTree = "<group>"; };
		36E639A32B724E9D00BED3A5 /* TFYBaseThemeController.m */ = {isa = PBXFileReference; lastKnownFileType = sourcecode.c.objc; path = TFYBaseThemeController.m; sourceTree = "<group>"; };
		6A8417408095A5042049F8C0 /* Pods-TFYThemeCompany.release.xcconfig */ = {isa = PBXFileReference; includeInIndex = 1; lastKnownFileType = text.xcconfig; name = "Pods-TFYThemeCompany.release.xcconfig"; path = "Target Support Files/Pods-TFYThemeCompany/Pods-TFYThemeCompany.release.xcconfig"; sourceTree = "<group>"; };
		92287ED58AE0F5C9761A72CE /* libPods-TFYThemeCompany.a */ = {isa = PBXFileReference; explicitFileType = archive.ar; includeInIndex = 0; path = "libPods-TFYThemeCompany.a"; sourceTree = BUILT_PRODUCTS_DIR; };
		EEFA26E4F8EC1135DDC7AACC /* Pods-TFYThemeCompany.debug.xcconfig */ = {isa = PBXFileReference; includeInIndex = 1; lastKnownFileType = text.xcconfig; name = "Pods-TFYThemeCompany.debug.xcconfig"; path = "Target Support Files/Pods-TFYThemeCompany/Pods-TFYThemeCompany.debug.xcconfig"; sourceTree = "<group>"; };
/* End PBXFileReference section */

/* Begin PBXFrameworksBuildPhase section */
		36E638CF2B70802300BED3A5 /* Frameworks */ = {
			isa = PBXFrameworksBuildPhase;
			buildActionMask = 2147483647;
			files = (
				2295BF2AA07866BA8BB06865 /* libPods-TFYThemeCompany.a in Frameworks */,
			);
			runOnlyForDeploymentPostprocessing = 0;
		};
		36E638EA2B70802400BED3A5 /* Frameworks */ = {
			isa = PBXFrameworksBuildPhase;
			buildActionMask = 2147483647;
			files = (
			);
			runOnlyForDeploymentPostprocessing = 0;
		};
		36E638F42B70802400BED3A5 /* Frameworks */ = {
			isa = PBXFrameworksBuildPhase;
			buildActionMask = 2147483647;
			files = (
			);
			runOnlyForDeploymentPostprocessing = 0;
		};
/* End PBXFrameworksBuildPhase section */

/* Begin PBXGroup section */
		36E638C92B70802300BED3A5 = {
			isa = PBXGroup;
			children = (
				36E638D42B70802300BED3A5 /* TFYThemeCompany */,
				36E638F02B70802400BED3A5 /* TFYThemeCompanyTests */,
				36E638FA2B70802400BED3A5 /* TFYThemeCompanyUITests */,
				36E638D32B70802300BED3A5 /* Products */,
				7C1D8CABA4D34527E13CEE0E /* Pods */,
				56E621CBDB5EB93F28165143 /* Frameworks */,
			);
			sourceTree = "<group>";
		};
		36E638D32B70802300BED3A5 /* Products */ = {
			isa = PBXGroup;
			children = (
				36E638D22B70802300BED3A5 /* TFYThemeCompany.app */,
				36E638ED2B70802400BED3A5 /* TFYThemeCompanyTests.xctest */,
				36E638F72B70802400BED3A5 /* TFYThemeCompanyUITests.xctest */,
			);
			name = Products;
			sourceTree = "<group>";
		};
		36E638D42B70802300BED3A5 /* TFYThemeCompany */ = {
			isa = PBXGroup;
			children = (
				36E6395F2B70A49000BED3A5 /* Class */,
				36E6395B2B70A45A00BED3A5 /* tabbar */,
				36E639462B70A3A600BED3A5 /* AppDelegate */,
				36E6394B2B70A3A600BED3A5 /* prefix */,
				36E639252B708A0400BED3A5 /* TFYThemeKit */,
			);
			path = TFYThemeCompany;
			sourceTree = "<group>";
		};
		36E638F02B70802400BED3A5 /* TFYThemeCompanyTests */ = {
			isa = PBXGroup;
			children = (
				36E638F12B70802400BED3A5 /* TFYThemeCompanyTests.m */,
			);
			path = TFYThemeCompanyTests;
			sourceTree = "<group>";
		};
		36E638FA2B70802400BED3A5 /* TFYThemeCompanyUITests */ = {
			isa = PBXGroup;
			children = (
				36E638FB2B70802400BED3A5 /* TFYThemeCompanyUITests.m */,
				36E638FD2B70802400BED3A5 /* TFYThemeCompanyUITestsLaunchTests.m */,
			);
			path = TFYThemeCompanyUITests;
			sourceTree = "<group>";
		};
		36E639252B708A0400BED3A5 /* TFYThemeKit */ = {
			isa = PBXGroup;
			children = (
				36E639952B71E62600BED3A5 /* TFYThemeKit.bundle */,
				36E639432B709D0B00BED3A5 /* TFYThemeKit.h */,
				36E639262B708B6D00BED3A5 /* TFYminizip */,
				36E639342B708BA100BED3A5 /* TFYZipArchive.h */,
				36E639352B708BA100BED3A5 /* TFYZipArchive.m */,
				36E639372B708D0400BED3A5 /* TFYZipLoader.h */,
				36E639382B708D0400BED3A5 /* TFYZipLoader.m */,
				36E6393A2B7092AF00BED3A5 /* TFYTheme.h */,
				36E6393B2B7092AF00BED3A5 /* TFYTheme.m */,
				36E6393D2B7092E600BED3A5 /* TFYThemeCategory.h */,
				36E6393E2B7092E600BED3A5 /* TFYThemeCategory.m */,
				36E639402B70932700BED3A5 /* TFYThemePicker.h */,
				36E639412B70932700BED3A5 /* TFYThemePicker.m */,
			);
			path = TFYThemeKit;
			sourceTree = "<group>";
		};
		36E639262B708B6D00BED3A5 /* TFYminizip */ = {
			isa = PBXGroup;
			children = (
				36E6392B2B708B6D00BED3A5 /* crypt.h */,
				36E639292B708B6D00BED3A5 /* ioapi.c */,
				36E6392F2B708B6D00BED3A5 /* ioapi.h */,
				36E6392A2B708B6D00BED3A5 /* mztools.c */,
				36E6392E2B708B6D00BED3A5 /* mztools.h */,
				36E639272B708B6D00BED3A5 /* unzip.c */,
				36E6392D2B708B6D00BED3A5 /* unzip.h */,
				36E639282B708B6D00BED3A5 /* zip.c */,
				36E6392C2B708B6D00BED3A5 /* zip.h */,
			);
			path = TFYminizip;
			sourceTree = "<group>";
		};
		36E639462B70A3A600BED3A5 /* AppDelegate */ = {
			isa = PBXGroup;
			children = (
				36E639472B70A3A600BED3A5 /* AppDelegate.h */,
				36E639492B70A3A600BED3A5 /* AppDelegate.m */,
				36E6394A2B70A3A600BED3A5 /* SceneDelegate.h */,
				36E639482B70A3A600BED3A5 /* SceneDelegate.m */,
			);
			path = AppDelegate;
			sourceTree = "<group>";
		};
		36E6394B2B70A3A600BED3A5 /* prefix */ = {
			isa = PBXGroup;
			children = (
				36E6398D2B7105F500BED3A5 /* DIN-BlackItalic.otf */,
				36E6398B2B7105F500BED3A5 /* DIN-BlackItalicAlt.otf */,
				36E6398A2B7105F500BED3A5 /* DIN-BoldItalicAlt.otf */,
				36E6398C2B7105F500BED3A5 /* DIN-BoldItalicExp.otf */,
				36E6394D2B70A3A600BED3A5 /* Assets.xcassets */,
				36E639532B70A3A600BED3A5 /* Info.plist */,
				36E6394E2B70A3A600BED3A5 /* LaunchScreen.storyboard */,
				36E639522B70A3A600BED3A5 /* main.m */,
				36E6394C2B70A3A600BED3A5 /* TFYPrefixHeader.pch */,
			);
			path = prefix;
			sourceTree = "<group>";
		};
		36E6395B2B70A45A00BED3A5 /* tabbar */ = {
			isa = PBXGroup;
			children = (
				36E6395C2B70A45A00BED3A5 /* TFYTabBarController.h */,
				36E6395D2B70A45A00BED3A5 /* TFYTabBarController.m */,
			);
			path = tabbar;
			sourceTree = "<group>";
		};
		36E6395F2B70A49000BED3A5 /* Class */ = {
			isa = PBXGroup;
			children = (
				36E639792B70B71800BED3A5 /* cell */,
				36E6397A2B70B71800BED3A5 /* vc */,
				36E6396F2B70B51000BED3A5 /* model */,
			);
			path = Class;
			sourceTree = "<group>";
		};
		36E6396F2B70B51000BED3A5 /* model */ = {
			isa = PBXGroup;
			children = (
				36E639712B70B51000BED3A5 /* defaultTheme.json */,
				36E639722B70B51000BED3A5 /* skineTheme.json */,
				36E639772B70B53400BED3A5 /* ThemeModel.h */,
				36E639762B70B53400BED3A5 /* ThemeModel.m */,
			);
			path = model;
			sourceTree = "<group>";
		};
		36E639792B70B71800BED3A5 /* cell */ = {
			isa = PBXGroup;
			children = (
				36E639872B70B87000BED3A5 /* TFYThemeOneCell.h */,
				36E639882B70B87000BED3A5 /* TFYThemeOneCell.m */,
			);
			path = cell;
			sourceTree = "<group>";
		};
		36E6397A2B70B71800BED3A5 /* vc */ = {
			isa = PBXGroup;
			children = (
				36E639812B70B71800BED3A5 /* TFYThemeFourController.h */,
				36E6397E2B70B71800BED3A5 /* TFYThemeFourController.m */,
				36E6397C2B70B71800BED3A5 /* TFYThemeOneController.h */,
				36E639802B70B71800BED3A5 /* TFYThemeOneController.m */,
				36E639822B70B71800BED3A5 /* TFYThemeThreeController.h */,
				36E6397D2B70B71800BED3A5 /* TFYThemeThreeController.m */,
				36E6397B2B70B71800BED3A5 /* TFYThemeTwoController.h */,
				36E6397F2B70B71800BED3A5 /* TFYThemeTwoController.m */,
				36E639A22B724E9D00BED3A5 /* TFYBaseThemeController.h */,
				36E639A32B724E9D00BED3A5 /* TFYBaseThemeController.m */,
			);
			path = vc;
			sourceTree = "<group>";
		};
		56E621CBDB5EB93F28165143 /* Frameworks */ = {
			isa = PBXGroup;
			children = (
				92287ED58AE0F5C9761A72CE /* libPods-TFYThemeCompany.a */,
			);
			name = Frameworks;
			sourceTree = "<group>";
		};
		7C1D8CABA4D34527E13CEE0E /* Pods */ = {
			isa = PBXGroup;
			children = (
				EEFA26E4F8EC1135DDC7AACC /* Pods-TFYThemeCompany.debug.xcconfig */,
				6A8417408095A5042049F8C0 /* Pods-TFYThemeCompany.release.xcconfig */,
			);
			path = Pods;
			sourceTree = "<group>";
		};
/* End PBXGroup section */

/* Begin PBXNativeTarget section */
		36E638D12B70802300BED3A5 /* TFYThemeCompany */ = {
			isa = PBXNativeTarget;
			buildConfigurationList = 36E639012B70802400BED3A5 /* Build configuration list for PBXNativeTarget "TFYThemeCompany" */;
			buildPhases = (
				9C8B1DCD16BE09D8D6B27299 /* [CP] Check Pods Manifest.lock */,
				36E638CE2B70802300BED3A5 /* Sources */,
				36E638CF2B70802300BED3A5 /* Frameworks */,
				36E638D02B70802300BED3A5 /* Resources */,
				244F81D60763D7292BA66797 /* [CP] Copy Pods Resources */,
			);
			buildRules = (
			);
			dependencies = (
			);
			name = TFYThemeCompany;
			productName = TFYThemeCompany;
			productReference = 36E638D22B70802300BED3A5 /* TFYThemeCompany.app */;
			productType = "com.apple.product-type.application";
		};
		36E638EC2B70802400BED3A5 /* TFYThemeCompanyTests */ = {
			isa = PBXNativeTarget;
			buildConfigurationList = 36E639042B70802400BED3A5 /* Build configuration list for PBXNativeTarget "TFYThemeCompanyTests" */;
			buildPhases = (
				36E638E92B70802400BED3A5 /* Sources */,
				36E638EA2B70802400BED3A5 /* Frameworks */,
				36E638EB2B70802400BED3A5 /* Resources */,
			);
			buildRules = (
			);
			dependencies = (
				36E638EF2B70802400BED3A5 /* PBXTargetDependency */,
			);
			name = TFYThemeCompanyTests;
			productName = TFYThemeCompanyTests;
			productReference = 36E638ED2B70802400BED3A5 /* TFYThemeCompanyTests.xctest */;
			productType = "com.apple.product-type.bundle.unit-test";
		};
		36E638F62B70802400BED3A5 /* TFYThemeCompanyUITests */ = {
			isa = PBXNativeTarget;
			buildConfigurationList = 36E639072B70802400BED3A5 /* Build configuration list for PBXNativeTarget "TFYThemeCompanyUITests" */;
			buildPhases = (
				36E638F32B70802400BED3A5 /* Sources */,
				36E638F42B70802400BED3A5 /* Frameworks */,
				36E638F52B70802400BED3A5 /* Resources */,
			);
			buildRules = (
			);
			dependencies = (
				36E638F92B70802400BED3A5 /* PBXTargetDependency */,
			);
			name = TFYThemeCompanyUITests;
			productName = TFYThemeCompanyUITests;
			productReference = 36E638F72B70802400BED3A5 /* TFYThemeCompanyUITests.xctest */;
			productType = "com.apple.product-type.bundle.ui-testing";
		};
/* End PBXNativeTarget section */

/* Begin PBXProject section */
		36E638CA2B70802300BED3A5 /* Project object */ = {
			isa = PBXProject;
			attributes = {
				BuildIndependentTargetsInParallel = 1;
				LastUpgradeCheck = 1520;
				TargetAttributes = {
					36E638D12B70802300BED3A5 = {
						CreatedOnToolsVersion = 15.2;
					};
					36E638EC2B70802400BED3A5 = {
						CreatedOnToolsVersion = 15.2;
						TestTargetID = 36E638D12B70802300BED3A5;
					};
					36E638F62B70802400BED3A5 = {
						CreatedOnToolsVersion = 15.2;
						TestTargetID = 36E638D12B70802300BED3A5;
					};
				};
			};
			buildConfigurationList = 36E638CD2B70802300BED3A5 /* Build configuration list for PBXProject "TFYThemeCompany" */;
			compatibilityVersion = "Xcode 14.0";
			developmentRegion = en;
			hasScannedForEncodings = 0;
			knownRegions = (
				en,
				Base,
			);
			mainGroup = 36E638C92B70802300BED3A5;
			productRefGroup = 36E638D32B70802300BED3A5 /* Products */;
			projectDirPath = "";
			projectRoot = "";
			targets = (
				36E638D12B70802300BED3A5 /* TFYThemeCompany */,
				36E638EC2B70802400BED3A5 /* TFYThemeCompanyTests */,
				36E638F62B70802400BED3A5 /* TFYThemeCompanyUITests */,
			);
		};
/* End PBXProject section */

/* Begin PBXResourcesBuildPhase section */
		36E638D02B70802300BED3A5 /* Resources */ = {
			isa = PBXResourcesBuildPhase;
			buildActionMask = 2147483647;
			files = (
				36E639902B7105F500BED3A5 /* DIN-BoldItalicExp.otf in Resources */,
				36E6398F2B7105F500BED3A5 /* DIN-BlackItalicAlt.otf in Resources */,
				36E639562B70A3A600BED3A5 /* Assets.xcassets in Resources */,
				36E639742B70B51000BED3A5 /* defaultTheme.json in Resources */,
				36E6398E2B7105F500BED3A5 /* DIN-BoldItalicAlt.otf in Resources */,
				36E639752B70B51000BED3A5 /* skineTheme.json in Resources */,
				36E639962B71E62600BED3A5 /* TFYThemeKit.bundle in Resources */,
				36E639572B70A3A600BED3A5 /* LaunchScreen.storyboard in Resources */,
				36E639912B7105F500BED3A5 /* DIN-BlackItalic.otf in Resources */,
			);
			runOnlyForDeploymentPostprocessing = 0;
		};
		36E638EB2B70802400BED3A5 /* Resources */ = {
			isa = PBXResourcesBuildPhase;
			buildActionMask = 2147483647;
			files = (
			);
			runOnlyForDeploymentPostprocessing = 0;
		};
		36E638F52B70802400BED3A5 /* Resources */ = {
			isa = PBXResourcesBuildPhase;
			buildActionMask = 2147483647;
			files = (
			);
			runOnlyForDeploymentPostprocessing = 0;
		};
/* End PBXResourcesBuildPhase section */

/* Begin PBXShellScriptBuildPhase section */
		244F81D60763D7292BA66797 /* [CP] Copy Pods Resources */ = {
			isa = PBXShellScriptBuildPhase;
			buildActionMask = 2147483647;
			files = (
			);
			inputFileListPaths = (
				"${PODS_ROOT}/Target Support Files/Pods-TFYThemeCompany/Pods-TFYThemeCompany-resources-${CONFIGURATION}-input-files.xcfilelist",
			);
			name = "[CP] Copy Pods Resources";
			outputFileListPaths = (
				"${PODS_ROOT}/Target Support Files/Pods-TFYThemeCompany/Pods-TFYThemeCompany-resources-${CONFIGURATION}-output-files.xcfilelist",
			);
			runOnlyForDeploymentPostprocessing = 0;
			shellPath = /bin/sh;
			shellScript = "\"${PODS_ROOT}/Target Support Files/Pods-TFYThemeCompany/Pods-TFYThemeCompany-resources.sh\"\n";
			showEnvVarsInLog = 0;
		};
		9C8B1DCD16BE09D8D6B27299 /* [CP] Check Pods Manifest.lock */ = {
			isa = PBXShellScriptBuildPhase;
			buildActionMask = 2147483647;
			files = (
			);
			inputFileListPaths = (
			);
			inputPaths = (
				"${PODS_PODFILE_DIR_PATH}/Podfile.lock",
				"${PODS_ROOT}/Manifest.lock",
			);
			name = "[CP] Check Pods Manifest.lock";
			outputFileListPaths = (
			);
			outputPaths = (
				"$(DERIVED_FILE_DIR)/Pods-TFYThemeCompany-checkManifestLockResult.txt",
			);
			runOnlyForDeploymentPostprocessing = 0;
			shellPath = /bin/sh;
			shellScript = "diff \"${PODS_PODFILE_DIR_PATH}/Podfile.lock\" \"${PODS_ROOT}/Manifest.lock\" > /dev/null\nif [ $? != 0 ] ; then\n    # print error to STDERR\n    echo \"error: The sandbox is not in sync with the Podfile.lock. Run 'pod install' or update your CocoaPods installation.\" >&2\n    exit 1\nfi\n# This output is used by Xcode 'outputs' to avoid re-running this script phase.\necho \"SUCCESS\" > \"${SCRIPT_OUTPUT_FILE_0}\"\n";
			showEnvVarsInLog = 0;
		};
/* End PBXShellScriptBuildPhase section */

/* Begin PBXSourcesBuildPhase section */
		36E638CE2B70802300BED3A5 /* Sources */ = {
			isa = PBXSourcesBuildPhase;
			buildActionMask = 2147483647;
			files = (
				36E639392B708D0400BED3A5 /* TFYZipLoader.m in Sources */,
				36E639852B70B71800BED3A5 /* TFYThemeTwoController.m in Sources */,
				36E6393F2B7092E600BED3A5 /* TFYThemeCategory.m in Sources */,
				36E639782B70B53400BED3A5 /* ThemeModel.m in Sources */,
				36E639542B70A3A600BED3A5 /* SceneDelegate.m in Sources */,
				36E639832B70B71800BED3A5 /* TFYThemeThreeController.m in Sources */,
				36E6395E2B70A45A00BED3A5 /* TFYTabBarController.m in Sources */,
				36E639302B708B6D00BED3A5 /* unzip.c in Sources */,
				36E639892B70B87000BED3A5 /* TFYThemeOneCell.m in Sources */,
				36E6393C2B7092AF00BED3A5 /* TFYTheme.m in Sources */,
				36E639592B70A3A600BED3A5 /* main.m in Sources */,
				36E639422B70932700BED3A5 /* TFYThemePicker.m in Sources */,
				36E639A42B724E9D00BED3A5 /* TFYBaseThemeController.m in Sources */,
				36E639362B708BA100BED3A5 /* TFYZipArchive.m in Sources */,
				36E639842B70B71800BED3A5 /* TFYThemeFourController.m in Sources */,
				36E639862B70B71800BED3A5 /* TFYThemeOneController.m in Sources */,
				36E639332B708B6D00BED3A5 /* mztools.c in Sources */,
				36E639312B708B6D00BED3A5 /* zip.c in Sources */,
				36E639322B708B6D00BED3A5 /* ioapi.c in Sources */,
				36E639552B70A3A600BED3A5 /* AppDelegate.m in Sources */,
			);
			runOnlyForDeploymentPostprocessing = 0;
		};
		36E638E92B70802400BED3A5 /* Sources */ = {
			isa = PBXSourcesBuildPhase;
			buildActionMask = 2147483647;
			files = (
				36E638F22B70802400BED3A5 /* TFYThemeCompanyTests.m in Sources */,
			);
			runOnlyForDeploymentPostprocessing = 0;
		};
		36E638F32B70802400BED3A5 /* Sources */ = {
			isa = PBXSourcesBuildPhase;
			buildActionMask = 2147483647;
			files = (
				36E638FE2B70802400BED3A5 /* TFYThemeCompanyUITestsLaunchTests.m in Sources */,
				36E638FC2B70802400BED3A5 /* TFYThemeCompanyUITests.m in Sources */,
			);
			runOnlyForDeploymentPostprocessing = 0;
		};
/* End PBXSourcesBuildPhase section */

/* Begin PBXTargetDependency section */
		36E638EF2B70802400BED3A5 /* PBXTargetDependency */ = {
			isa = PBXTargetDependency;
			target = 36E638D12B70802300BED3A5 /* TFYThemeCompany */;
			targetProxy = 36E638EE2B70802400BED3A5 /* PBXContainerItemProxy */;
		};
		36E638F92B70802400BED3A5 /* PBXTargetDependency */ = {
			isa = PBXTargetDependency;
			target = 36E638D12B70802300BED3A5 /* TFYThemeCompany */;
			targetProxy = 36E638F82B70802400BED3A5 /* PBXContainerItemProxy */;
		};
/* End PBXTargetDependency section */

/* Begin PBXVariantGroup section */
		36E6394E2B70A3A600BED3A5 /* LaunchScreen.storyboard */ = {
			isa = PBXVariantGroup;
			children = (
				36E6394F2B70A3A600BED3A5 /* Base */,
			);
			name = LaunchScreen.storyboard;
			sourceTree = "<group>";
		};
/* End PBXVariantGroup section */

/* Begin XCBuildConfiguration section */
		36E638FF2B70802400BED3A5 /* Debug */ = {
			isa = XCBuildConfiguration;
			buildSettings = {
				ALWAYS_SEARCH_USER_PATHS = NO;
				ASSETCATALOG_COMPILER_GENERATE_SWIFT_ASSET_SYMBOL_EXTENSIONS = YES;
				CLANG_ANALYZER_NONNULL = YES;
				CLANG_ANALYZER_NUMBER_OBJECT_CONVERSION = YES_AGGRESSIVE;
				CLANG_CXX_LANGUAGE_STANDARD = "gnu++20";
				CLANG_ENABLE_MODULES = YES;
				CLANG_ENABLE_OBJC_ARC = YES;
				CLANG_ENABLE_OBJC_WEAK = YES;
				CLANG_WARN_BLOCK_CAPTURE_AUTORELEASING = YES;
				CLANG_WARN_BOOL_CONVERSION = YES;
				CLANG_WARN_COMMA = YES;
				CLANG_WARN_CONSTANT_CONVERSION = YES;
				CLANG_WARN_DEPRECATED_OBJC_IMPLEMENTATIONS = YES;
				CLANG_WARN_DIRECT_OBJC_ISA_USAGE = YES_ERROR;
				CLANG_WARN_DOCUMENTATION_COMMENTS = YES;
				CLANG_WARN_EMPTY_BODY = YES;
				CLANG_WARN_ENUM_CONVERSION = YES;
				CLANG_WARN_INFINITE_RECURSION = YES;
				CLANG_WARN_INT_CONVERSION = YES;
				CLANG_WARN_NON_LITERAL_NULL_CONVERSION = YES;
				CLANG_WARN_OBJC_IMPLICIT_RETAIN_SELF = YES;
				CLANG_WARN_OBJC_LITERAL_CONVERSION = YES;
				CLANG_WARN_OBJC_ROOT_CLASS = YES_ERROR;
				CLANG_WARN_QUOTED_INCLUDE_IN_FRAMEWORK_HEADER = YES;
				CLANG_WARN_RANGE_LOOP_ANALYSIS = YES;
				CLANG_WARN_STRICT_PROTOTYPES = YES;
				CLANG_WARN_SUSPICIOUS_MOVE = YES;
				CLANG_WARN_UNGUARDED_AVAILABILITY = YES_AGGRESSIVE;
				CLANG_WARN_UNREACHABLE_CODE = YES;
				CLANG_WARN__DUPLICATE_METHOD_MATCH = YES;
				COPY_PHASE_STRIP = NO;
				DEBUG_INFORMATION_FORMAT = dwarf;
				ENABLE_STRICT_OBJC_MSGSEND = YES;
				ENABLE_TESTABILITY = YES;
				ENABLE_USER_SCRIPT_SANDBOXING = YES;
				GCC_C_LANGUAGE_STANDARD = gnu17;
				GCC_DYNAMIC_NO_PIC = NO;
				GCC_NO_COMMON_BLOCKS = YES;
				GCC_OPTIMIZATION_LEVEL = 0;
				GCC_PREPROCESSOR_DEFINITIONS = (
					"DEBUG=1",
					"$(inherited)",
				);
				GCC_WARN_64_TO_32_BIT_CONVERSION = YES;
				GCC_WARN_ABOUT_RETURN_TYPE = YES_ERROR;
				GCC_WARN_UNDECLARED_SELECTOR = YES;
				GCC_WARN_UNINITIALIZED_AUTOS = YES_AGGRESSIVE;
				GCC_WARN_UNUSED_FUNCTION = YES;
				GCC_WARN_UNUSED_VARIABLE = YES;
				IPHONEOS_DEPLOYMENT_TARGET = 17.2;
				LOCALIZATION_PREFERS_STRING_CATALOGS = YES;
				MTL_ENABLE_DEBUG_INFO = INCLUDE_SOURCE;
				MTL_FAST_MATH = YES;
				ONLY_ACTIVE_ARCH = YES;
				SDKROOT = iphoneos;
			};
			name = Debug;
		};
		36E639002B70802400BED3A5 /* Release */ = {
			isa = XCBuildConfiguration;
			buildSettings = {
				ALWAYS_SEARCH_USER_PATHS = NO;
				ASSETCATALOG_COMPILER_GENERATE_SWIFT_ASSET_SYMBOL_EXTENSIONS = YES;
				CLANG_ANALYZER_NONNULL = YES;
				CLANG_ANALYZER_NUMBER_OBJECT_CONVERSION = YES_AGGRESSIVE;
				CLANG_CXX_LANGUAGE_STANDARD = "gnu++20";
				CLANG_ENABLE_MODULES = YES;
				CLANG_ENABLE_OBJC_ARC = YES;
				CLANG_ENABLE_OBJC_WEAK = YES;
				CLANG_WARN_BLOCK_CAPTURE_AUTORELEASING = YES;
				CLANG_WARN_BOOL_CONVERSION = YES;
				CLANG_WARN_COMMA = YES;
				CLANG_WARN_CONSTANT_CONVERSION = YES;
				CLANG_WARN_DEPRECATED_OBJC_IMPLEMENTATIONS = YES;
				CLANG_WARN_DIRECT_OBJC_ISA_USAGE = YES_ERROR;
				CLANG_WARN_DOCUMENTATION_COMMENTS = YES;
				CLANG_WARN_EMPTY_BODY = YES;
				CLANG_WARN_ENUM_CONVERSION = YES;
				CLANG_WARN_INFINITE_RECURSION = YES;
				CLANG_WARN_INT_CONVERSION = YES;
				CLANG_WARN_NON_LITERAL_NULL_CONVERSION = YES;
				CLANG_WARN_OBJC_IMPLICIT_RETAIN_SELF = YES;
				CLANG_WARN_OBJC_LITERAL_CONVERSION = YES;
				CLANG_WARN_OBJC_ROOT_CLASS = YES_ERROR;
				CLANG_WARN_QUOTED_INCLUDE_IN_FRAMEWORK_HEADER = YES;
				CLANG_WARN_RANGE_LOOP_ANALYSIS = YES;
				CLANG_WARN_STRICT_PROTOTYPES = YES;
				CLANG_WARN_SUSPICIOUS_MOVE = YES;
				CLANG_WARN_UNGUARDED_AVAILABILITY = YES_AGGRESSIVE;
				CLANG_WARN_UNREACHABLE_CODE = YES;
				CLANG_WARN__DUPLICATE_METHOD_MATCH = YES;
				COPY_PHASE_STRIP = NO;
				DEBUG_INFORMATION_FORMAT = "dwarf-with-dsym";
				ENABLE_NS_ASSERTIONS = NO;
				ENABLE_STRICT_OBJC_MSGSEND = YES;
				ENABLE_USER_SCRIPT_SANDBOXING = YES;
				GCC_C_LANGUAGE_STANDARD = gnu17;
				GCC_NO_COMMON_BLOCKS = YES;
				GCC_WARN_64_TO_32_BIT_CONVERSION = YES;
				GCC_WARN_ABOUT_RETURN_TYPE = YES_ERROR;
				GCC_WARN_UNDECLARED_SELECTOR = YES;
				GCC_WARN_UNINITIALIZED_AUTOS = YES_AGGRESSIVE;
				GCC_WARN_UNUSED_FUNCTION = YES;
				GCC_WARN_UNUSED_VARIABLE = YES;
				IPHONEOS_DEPLOYMENT_TARGET = 17.2;
				LOCALIZATION_PREFERS_STRING_CATALOGS = YES;
				MTL_ENABLE_DEBUG_INFO = NO;
				MTL_FAST_MATH = YES;
				SDKROOT = iphoneos;
				VALIDATE_PRODUCT = YES;
			};
			name = Release;
		};
		36E639022B70802400BED3A5 /* Debug */ = {
			isa = XCBuildConfiguration;
			baseConfigurationReference = EEFA26E4F8EC1135DDC7AACC /* Pods-TFYThemeCompany.debug.xcconfig */;
			buildSettings = {
				ASSETCATALOG_COMPILER_APPICON_NAME = AppIcon;
				ASSETCATALOG_COMPILER_GLOBAL_ACCENT_COLOR_NAME = AccentColor;
				CODE_SIGN_STYLE = Automatic;
				CURRENT_PROJECT_VERSION = 1;
				DEVELOPMENT_TEAM = 2J3K32HV5B;
				ENABLE_USER_SCRIPT_SANDBOXING = NO;
				GCC_PRECOMPILE_PREFIX_HEADER = YES;
				GCC_PREFIX_HEADER = TFYThemeCompany/prefix/TFYPrefixHeader.pch;
				GENERATE_INFOPLIST_FILE = YES;
				INFOPLIST_FILE = TFYThemeCompany/prefix/Info.plist;
				INFOPLIST_KEY_UIApplicationSupportsIndirectInputEvents = YES;
				INFOPLIST_KEY_UILaunchStoryboardName = LaunchScreen;
				INFOPLIST_KEY_UISupportedInterfaceOrientations_iPad = "UIInterfaceOrientationPortrait UIInterfaceOrientationPortraitUpsideDown UIInterfaceOrientationLandscapeLeft UIInterfaceOrientationLandscapeRight";
				INFOPLIST_KEY_UISupportedInterfaceOrientations_iPhone = "UIInterfaceOrientationPortrait UIInterfaceOrientationLandscapeLeft UIInterfaceOrientationLandscapeRight";
				IPHONEOS_DEPLOYMENT_TARGET = 13.0;
				LD_RUNPATH_SEARCH_PATHS = (
					"$(inherited)",
					"@executable_path/Frameworks",
				);
				MARKETING_VERSION = 1.0;
				PRODUCT_BUNDLE_IDENTIFIER = com.TFYThemeCompany;
				PRODUCT_NAME = "$(TARGET_NAME)";
				SWIFT_EMIT_LOC_STRINGS = YES;
				TARGETED_DEVICE_FAMILY = "1,2";
			};
			name = Debug;
		};
		36E639032B70802400BED3A5 /* Release */ = {
			isa = XCBuildConfiguration;
			baseConfigurationReference = 6A8417408095A5042049F8C0 /* Pods-TFYThemeCompany.release.xcconfig */;
			buildSettings = {
				ASSETCATALOG_COMPILER_APPICON_NAME = AppIcon;
				ASSETCATALOG_COMPILER_GLOBAL_ACCENT_COLOR_NAME = AccentColor;
				CODE_SIGN_STYLE = Automatic;
				CURRENT_PROJECT_VERSION = 1;
				DEVELOPMENT_TEAM = 2J3K32HV5B;
				ENABLE_USER_SCRIPT_SANDBOXING = NO;
				GCC_PRECOMPILE_PREFIX_HEADER = YES;
				GCC_PREFIX_HEADER = TFYThemeCompany/prefix/TFYPrefixHeader.pch;
				GENERATE_INFOPLIST_FILE = YES;
				INFOPLIST_FILE = TFYThemeCompany/prefix/Info.plist;
				INFOPLIST_KEY_UIApplicationSupportsIndirectInputEvents = YES;
				INFOPLIST_KEY_UILaunchStoryboardName = LaunchScreen;
				INFOPLIST_KEY_UISupportedInterfaceOrientations_iPad = "UIInterfaceOrientationPortrait UIInterfaceOrientationPortraitUpsideDown UIInterfaceOrientationLandscapeLeft UIInterfaceOrientationLandscapeRight";
				INFOPLIST_KEY_UISupportedInterfaceOrientations_iPhone = "UIInterfaceOrientationPortrait UIInterfaceOrientationLandscapeLeft UIInterfaceOrientationLandscapeRight";
				IPHONEOS_DEPLOYMENT_TARGET = 13.0;
				LD_RUNPATH_SEARCH_PATHS = (
					"$(inherited)",
					"@executable_path/Frameworks",
				);
				MARKETING_VERSION = 1.0;
				PRODUCT_BUNDLE_IDENTIFIER = com.TFYThemeCompany;
				PRODUCT_NAME = "$(TARGET_NAME)";
				SWIFT_EMIT_LOC_STRINGS = YES;
				TARGETED_DEVICE_FAMILY = "1,2";
			};
			name = Release;
		};
		36E639052B70802400BED3A5 /* Debug */ = {
			isa = XCBuildConfiguration;
			buildSettings = {
				BUNDLE_LOADER = "$(TEST_HOST)";
				CODE_SIGN_STYLE = Automatic;
				CURRENT_PROJECT_VERSION = 1;
				DEVELOPMENT_TEAM = 2J3K32HV5B;
				GENERATE_INFOPLIST_FILE = YES;
				IPHONEOS_DEPLOYMENT_TARGET = 17.2;
				MARKETING_VERSION = 1.0;
				PRODUCT_BUNDLE_IDENTIFIER = com.TFYThemeCompanyTests;
				PRODUCT_NAME = "$(TARGET_NAME)";
				SWIFT_EMIT_LOC_STRINGS = NO;
				TARGETED_DEVICE_FAMILY = "1,2";
				TEST_HOST = "$(BUILT_PRODUCTS_DIR)/TFYThemeCompany.app/$(BUNDLE_EXECUTABLE_FOLDER_PATH)/TFYThemeCompany";
			};
			name = Debug;
		};
		36E639062B70802400BED3A5 /* Release */ = {
			isa = XCBuildConfiguration;
			buildSettings = {
				BUNDLE_LOADER = "$(TEST_HOST)";
				CODE_SIGN_STYLE = Automatic;
				CURRENT_PROJECT_VERSION = 1;
				DEVELOPMENT_TEAM = 2J3K32HV5B;
				GENERATE_INFOPLIST_FILE = YES;
				IPHONEOS_DEPLOYMENT_TARGET = 17.2;
				MARKETING_VERSION = 1.0;
				PRODUCT_BUNDLE_IDENTIFIER = com.TFYThemeCompanyTests;
				PRODUCT_NAME = "$(TARGET_NAME)";
				SWIFT_EMIT_LOC_STRINGS = NO;
				TARGETED_DEVICE_FAMILY = "1,2";
				TEST_HOST = "$(BUILT_PRODUCTS_DIR)/TFYThemeCompany.app/$(BUNDLE_EXECUTABLE_FOLDER_PATH)/TFYThemeCompany";
			};
			name = Release;
		};
		36E639082B70802400BED3A5 /* Debug */ = {
			isa = XCBuildConfiguration;
			buildSettings = {
				CODE_SIGN_STYLE = Automatic;
				CURRENT_PROJECT_VERSION = 1;
				DEVELOPMENT_TEAM = 2J3K32HV5B;
				GENERATE_INFOPLIST_FILE = YES;
				MARKETING_VERSION = 1.0;
				PRODUCT_BUNDLE_IDENTIFIER = com.TFYThemeCompanyUITests;
				PRODUCT_NAME = "$(TARGET_NAME)";
				SWIFT_EMIT_LOC_STRINGS = NO;
				TARGETED_DEVICE_FAMILY = "1,2";
				TEST_TARGET_NAME = TFYThemeCompany;
			};
			name = Debug;
		};
		36E639092B70802400BED3A5 /* Release */ = {
			isa = XCBuildConfiguration;
			buildSettings = {
				CODE_SIGN_STYLE = Automatic;
				CURRENT_PROJECT_VERSION = 1;
				DEVELOPMENT_TEAM = 2J3K32HV5B;
				GENERATE_INFOPLIST_FILE = YES;
				MARKETING_VERSION = 1.0;
				PRODUCT_BUNDLE_IDENTIFIER = com.TFYThemeCompanyUITests;
				PRODUCT_NAME = "$(TARGET_NAME)";
				SWIFT_EMIT_LOC_STRINGS = NO;
				TARGETED_DEVICE_FAMILY = "1,2";
				TEST_TARGET_NAME = TFYThemeCompany;
			};
			name = Release;
		};
/* End XCBuildConfiguration section */

/* Begin XCConfigurationList section */
		36E638CD2B70802300BED3A5 /* Build configuration list for PBXProject "TFYThemeCompany" */ = {
			isa = XCConfigurationList;
			buildConfigurations = (
				36E638FF2B70802400BED3A5 /* Debug */,
				36E639002B70802400BED3A5 /* Release */,
			);
			defaultConfigurationIsVisible = 0;
			defaultConfigurationName = Release;
		};
		36E639012B70802400BED3A5 /* Build configuration list for PBXNativeTarget "TFYThemeCompany" */ = {
			isa = XCConfigurationList;
			buildConfigurations = (
				36E639022B70802400BED3A5 /* Debug */,
				36E639032B70802400BED3A5 /* Release */,
			);
			defaultConfigurationIsVisible = 0;
			defaultConfigurationName = Release;
		};
		36E639042B70802400BED3A5 /* Build configuration list for PBXNativeTarget "TFYThemeCompanyTests" */ = {
			isa = XCConfigurationList;
			buildConfigurations = (
				36E639052B70802400BED3A5 /* Debug */,
				36E639062B70802400BED3A5 /* Release */,
			);
			defaultConfigurationIsVisible = 0;
			defaultConfigurationName = Release;
		};
		36E639072B70802400BED3A5 /* Build configuration list for PBXNativeTarget "TFYThemeCompanyUITests" */ = {
			isa = XCConfigurationList;
			buildConfigurations = (
				36E639082B70802400BED3A5 /* Debug */,
				36E639092B70802400BED3A5 /* Release */,
			);
			defaultConfigurationIsVisible = 0;
			defaultConfigurationName = Release;
		};
/* End XCConfigurationList section */
	};
	rootObject = 36E638CA2B70802300BED3A5 /* Project object */;
}
